// !$*UTF8*$!
{
	archiveVersion = 1;
	classes = {
	};
	objectVersion = 50;
	objects = {

/* Begin PBXBuildFile section */
		009811CD2491702E00C63284 /* AppDelegate.swift in Sources */ = {isa = PBXBuildFile; fileRef = 009811CC2491702E00C63284 /* AppDelegate.swift */; };
		009811CF2491702E00C63284 /* SceneDelegate.swift in Sources */ = {isa = PBXBuildFile; fileRef = 009811CE2491702E00C63284 /* SceneDelegate.swift */; };
		009811D12491702E00C63284 /* MapViewController.swift in Sources */ = {isa = PBXBuildFile; fileRef = 009811D02491702E00C63284 /* MapViewController.swift */; };
		009811D42491702E00C63284 /* Main.storyboard in Resources */ = {isa = PBXBuildFile; fileRef = 009811D22491702E00C63284 /* Main.storyboard */; };
		009811D62491703100C63284 /* Assets.xcassets in Resources */ = {isa = PBXBuildFile; fileRef = 009811D52491703100C63284 /* Assets.xcassets */; };
		009811D92491703100C63284 /* LaunchScreen.storyboard in Resources */ = {isa = PBXBuildFile; fileRef = 009811D72491703100C63284 /* LaunchScreen.storyboard */; };
/* End PBXBuildFile section */

/* Begin PBXFileReference section */
		009811C92491702E00C63284 /* FindWay_Abhishek_C0769778.app */ = {isa = PBXFileReference; explicitFileType = wrapper.application; includeInIndex = 0; path = FindWay_Abhishek_C0769778.app; sourceTree = BUILT_PRODUCTS_DIR; };
		009811CC2491702E00C63284 /* AppDelegate.swift */ = {isa = PBXFileReference; lastKnownFileType = sourcecode.swift; path = AppDelegate.swift; sourceTree = "<group>"; };
		009811CE2491702E00C63284 /* SceneDelegate.swift */ = {isa = PBXFileReference; lastKnownFileType = sourcecode.swift; path = SceneDelegate.swift; sourceTree = "<group>"; };
		009811D02491702E00C63284 /* MapViewController.swift */ = {isa = PBXFileReference; lastKnownFileType = sourcecode.swift; path = MapViewController.swift; sourceTree = "<group>"; };
		009811D32491702E00C63284 /* Base */ = {isa = PBXFileReference; lastKnownFileType = file.storyboard; name = Base; path = Base.lproj/Main.storyboard; sourceTree = "<group>"; };
		009811D52491703100C63284 /* Assets.xcassets */ = {isa = PBXFileReference; lastKnownFileType = folder.assetcatalog; path = Assets.xcassets; sourceTree = "<group>"; };
		009811D82491703100C63284 /* Base */ = {isa = PBXFileReference; lastKnownFileType = file.storyboard; name = Base; path = Base.lproj/LaunchScreen.storyboard; sourceTree = "<group>"; };
		009811DA2491703100C63284 /* Info.plist */ = {isa = PBXFileReference; lastKnownFileType = text.plist.xml; path = Info.plist; sourceTree = "<group>"; };
/* End PBXFileReference section */

/* Begin PBXFrameworksBuildPhase section */
		009811C62491702E00C63284 /* Frameworks */ = {
			isa = PBXFrameworksBuildPhase;
			buildActionMask = 2147483647;
			files = (
			);
			runOnlyForDeploymentPostprocessing = 0;
		};
/* End PBXFrameworksBuildPhase section */

/* Begin PBXGroup section */
		009811C02491702E00C63284 = {
			isa = PBXGroup;
			children = (
				009811CB2491702E00C63284 /* FindWay_Abhishek_C0769778 */,
				009811CA2491702E00C63284 /* Products */,
			);
			sourceTree = "<group>";
		};
		009811CA2491702E00C63284 /* Products */ = {
			isa = PBXGroup;
			children = (
				009811C92491702E00C63284 /* FindWay_Abhishek_C0769778.app */,
			);
			name = Products;
			sourceTree = "<group>";
		};
		009811CB2491702E00C63284 /* FindWay_Abhishek_C0769778 */ = {
			isa = PBXGroup;
			children = (
				009811CC2491702E00C63284 /* AppDelegate.swift */,
				009811CE2491702E00C63284 /* SceneDelegate.swift */,
				009811D02491702E00C63284 /* MapViewController.swift */,
				009811D22491702E00C63284 /* Main.storyboard */,
				009811D52491703100C63284 /* Assets.xcassets */,
				009811D72491703100C63284 /* LaunchScreen.storyboard */,
				009811DA2491703100C63284 /* Info.plist */,
			);
			path = FindWay_Abhishek_C0769778;
			sourceTree = "<group>";
		};
/* End PBXGroup section */

/* Begin PBXNativeTarget section */
		009811C82491702E00C63284 /* FindWay_Abhishek_C0769778 */ = {
			isa = PBXNativeTarget;
			buildConfigurationList = 009811DD2491703100C63284 /* Build configuration list for PBXNativeTarget "FindWay_Abhishek_C0769778" */;
			buildPhases = (
				009811C52491702E00C63284 /* Sources */,
				009811C62491702E00C63284 /* Frameworks */,
				009811C72491702E00C63284 /* Resources */,
			);
			buildRules = (
			);
			dependencies = (
			);
			name = FindWay_Abhishek_C0769778;
			productName = FindWay_Abhishek_C0769778;
			productReference = 009811C92491702E00C63284 /* FindWay_Abhishek_C0769778.app */;
			productType = "com.apple.product-type.application";
		};
/* End PBXNativeTarget section */

/* Begin PBXProject section */
		009811C12491702E00C63284 /* Project object */ = {
			isa = PBXProject;
			attributes = {
				LastSwiftUpdateCheck = 1120;
				LastUpgradeCheck = 1120;
				ORGANIZATIONNAME = user166476;
				TargetAttributes = {
					009811C82491702E00C63284 = {
						CreatedOnToolsVersion = 11.2;
					};
				};
			};
			buildConfigurationList = 009811C42491702E00C63284 /* Build configuration list for PBXProject "FindWay_Abhishek_C0769778" */;
			compatibilityVersion = "Xcode 9.3";
			developmentRegion = en;
			hasScannedForEncodings = 0;
			knownRegions = (
				en,
				Base,
			);
			mainGroup = 009811C02491702E00C63284;
			productRefGroup = 009811CA2491702E00C63284 /* Products */;
			projectDirPath = "";
			projectRoot = "";
			targets = (
				009811C82491702E00C63284 /* FindWay_Abhishek_C0769778 */,
			);
		};
/* End PBXProject section */

/* Begin PBXResourcesBuildPhase section */
		009811C72491702E00C63284 /* Resources */ = {
			isa = PBXResourcesBuildPhase;
			buildActionMask = 2147483647;
			files = (
				009811D92491703100C63284 /* LaunchScreen.storyboard in Resources */,
				009811D62491703100C63284 /* Assets.xcassets in Resources */,
				009811D42491702E00C63284 /* Main.storyboard in Resources */,
			);
			runOnlyForDeploymentPostprocessing = 0;
		};
/* End PBXResourcesBuildPhase section */

/* Begin PBXSourcesBuildPhase section */
		009811C52491702E00C63284 /* Sources */ = {
			isa = PBXSourcesBuildPhase;
			buildActionMask = 2147483647;
			files = (
				009811D12491702E00C63284 /* MapViewController.swift in Sources */,
				009811CD2491702E00C63284 /* AppDelegate.swift in Sources */,
				009811CF2491702E00C63284 /* SceneDelegate.swift in Sources */,
			);
			runOnlyForDeploymentPostprocessing = 0;
		};
/* End PBXSourcesBuildPhase section */

/* Begin PBXVariantGroup section */
		009811D22491702E00C63284 /* Main.storyboard */ = {
			isa = PBXVariantGroup;
			children = (
				009811D32491702E00C63284 /* Base */,
			);
			name = Main.storyboard;
			sourceTree = "<group>";
		};
		009811D72491703100C63284 /* LaunchScreen.storyboard */ = {
			isa = PBXVariantGroup;
			children = (
				009811D82491703100C63284 /* Base */,
			);
			name = LaunchScreen.storyboard;
			sourceTree = "<group>";
		};
/* End PBXVariantGroup section */

/* Begin XCBuildConfiguration section */
		009811DB2491703100C63284 /* Debug */ = {
			isa = XCBuildConfiguration;
			buildSettings = {
				ALWAYS_SEARCH_USER_PATHS = NO;
				CLANG_ANALYZER_NONNULL = YES;
				CLANG_ANALYZER_NUMBER_OBJECT_CONVERSION = YES_AGGRESSIVE;
				CLANG_CXX_LANGUAGE_STANDARD = "gnu++14";
				CLANG_CXX_LIBRARY = "libc++";
				CLANG_ENABLE_MODULES = YES;
				CLANG_ENABLE_OBJC_ARC = YES;
				CLANG_ENABLE_OBJC_WEAK = YES;
				CLANG_WARN_BLOCK_CAPTURE_AUTORELEASING = YES;
				CLANG_WARN_BOOL_CONVERSION = YES;
				CLANG_WARN_COMMA = YES;
				CLANG_WARN_CONSTANT_CONVERSION = YES;
				CLANG_WARN_DEPRECATED_OBJC_IMPLEMENTATIONS = YES;
				CLANG_WARN_DIRECT_OBJC_ISA_USAGE = YES_ERROR;
				CLANG_WARN_DOCUMENTATION_COMMENTS = YES;
				CLANG_WARN_EMPTY_BODY = YES;
				CLANG_WARN_ENUM_CONVERSION = YES;
				CLANG_WARN_INFINITE_RECURSION = YES;
				CLANG_WARN_INT_CONVERSION = YES;
				CLANG_WARN_NON_LITERAL_NULL_CONVERSION = YES;
				CLANG_WARN_OBJC_IMPLICIT_RETAIN_SELF = YES;
				CLANG_WARN_OBJC_LITERAL_CONVERSION = YES;
				CLANG_WARN_OBJC_ROOT_CLASS = YES_ERROR;
				CLANG_WARN_RANGE_LOOP_ANALYSIS = YES;
				CLANG_WARN_STRICT_PROTOTYPES = YES;
				CLANG_WARN_SUSPICIOUS_MOVE = YES;
				CLANG_WARN_UNGUARDED_AVAILABILITY = YES_AGGRESSIVE;
				CLANG_WARN_UNREACHABLE_CODE = YES;
				CLANG_WARN__DUPLICATE_METHOD_MATCH = YES;
				COPY_PHASE_STRIP = NO;
				DEBUG_INFORMATION_FORMAT = dwarf;
				ENABLE_STRICT_OBJC_MSGSEND = YES;
				ENABLE_TESTABILITY = YES;
				GCC_C_LANGUAGE_STANDARD = gnu11;
				GCC_DYNAMIC_NO_PIC = NO;
				GCC_NO_COMMON_BLOCKS = YES;
				GCC_OPTIMIZATION_LEVEL = 0;
				GCC_PREPROCESSOR_DEFINITIONS = (
					"DEBUG=1",
					"$(inherited)",
				);
				GCC_WARN_64_TO_32_BIT_CONVERSION = YES;
				GCC_WARN_ABOUT_RETURN_TYPE = YES_ERROR;
				GCC_WARN_UNDECLARED_SELECTOR = YES;
				GCC_WARN_UNINITIALIZED_AUTOS = YES_AGGRESSIVE;
				GCC_WARN_UNUSED_FUNCTION = YES;
				GCC_WARN_UNUSED_VARIABLE = YES;
				IPHONEOS_DEPLOYMENT_TARGET = 13.2;
				MTL_ENABLE_DEBUG_INFO = INCLUDE_SOURCE;
				MTL_FAST_MATH = YES;
				ONLY_ACTIVE_ARCH = YES;
				SDKROOT = iphoneos;
				SWIFT_ACTIVE_COMPILATION_CONDITIONS = DEBUG;
				SWIFT_OPTIMIZATION_LEVEL = "-Onone";
			};
			name = Debug;
		};
		009811DC2491703100C63284 /* Release */ = {
			isa = XCBuildConfiguration;
			buildSettings = {
				ALWAYS_SEARCH_USER_PATHS = NO;
				CLANG_ANALYZER_NONNULL = YES;
				CLANG_ANALYZER_NUMBER_OBJECT_CONVERSION = YES_AGGRESSIVE;
				CLANG_CXX_LANGUAGE_STANDARD = "gnu++14";
				CLANG_CXX_LIBRARY = "libc++";
				CLANG_ENABLE_MODULES = YES;
				CLANG_ENABLE_OBJC_ARC = YES;
				CLANG_ENABLE_OBJC_WEAK = YES;
				CLANG_WARN_BLOCK_CAPTURE_AUTORELEASING = YES;
				CLANG_WARN_BOOL_CONVERSION = YES;
				CLANG_WARN_COMMA = YES;
				CLANG_WARN_CONSTANT_CONVERSION = YES;
				CLANG_WARN_DEPRECATED_OBJC_IMPLEMENTATIONS = YES;
				CLANG_WARN_DIRECT_OBJC_ISA_USAGE = YES_ERROR;
				CLANG_WARN_DOCUMENTATION_COMMENTS = YES;
				CLANG_WARN_EMPTY_BODY = YES;
				CLANG_WARN_ENUM_CONVERSION = YES;
				CLANG_WARN_INFINITE_RECURSION = YES;
				CLANG_WARN_INT_CONVERSION = YES;
				CLANG_WARN_NON_LITERAL_NULL_CONVERSION = YES;
				CLANG_WARN_OBJC_IMPLICIT_RETAIN_SELF = YES;
				CLANG_WARN_OBJC_LITERAL_CONVERSION = YES;
				CLANG_WARN_OBJC_ROOT_CLASS = YES_ERROR;
				CLANG_WARN_RANGE_LOOP_ANALYSIS = YES;
				CLANG_WARN_STRICT_PROTOTYPES = YES;
				CLANG_WARN_SUSPICIOUS_MOVE = YES;
				CLANG_WARN_UNGUARDED_AVAILABILITY = YES_AGGRESSIVE;
				CLANG_WARN_UNREACHABLE_CODE = YES;
				CLANG_WARN__DUPLICATE_METHOD_MATCH = YES;
				COPY_PHASE_STRIP = NO;
				DEBUG_INFORMATION_FORMAT = "dwarf-with-dsym";
				ENABLE_NS_ASSERTIONS = NO;
				ENABLE_STRICT_OBJC_MSGSEND = YES;
				GCC_C_LANGUAGE_STANDARD = gnu11;
				GCC_NO_COMMON_BLOCKS = YES;
				GCC_WARN_64_TO_32_BIT_CONVERSION = YES;
				GCC_WARN_ABOUT_RETURN_TYPE = YES_ERROR;
				GCC_WARN_UNDECLARED_SELECTOR = YES;
				GCC_WARN_UNINITIALIZED_AUTOS = YES_AGGRESSIVE;
				GCC_WARN_UNUSED_FUNCTION = YES;
				GCC_WARN_UNUSED_VARIABLE = YES;
				IPHONEOS_DEPLOYMENT_TARGET = 13.2;
				MTL_ENABLE_DEBUG_INFO = NO;
				MTL_FAST_MATH = YES;
				SDKROOT = iphoneos;
				SWIFT_COMPILATION_MODE = wholemodule;
				SWIFT_OPTIMIZATION_LEVEL = "-O";
				VALIDATE_PRODUCT = YES;
			};
			name = Release;
		};
		009811DE2491703100C63284 /* Debug */ = {
			isa = XCBuildConfiguration;
			buildSettings = {
				ASSETCATALOG_COMPILER_APPICON_NAME = AppIcon;
				CODE_SIGN_STYLE = Automatic;
				INFOPLIST_FILE = FindWay_Abhishek_C0769778/Info.plist;
				LD_RUNPATH_SEARCH_PATHS = (
					"$(inherited)",
					"@executable_path/Frameworks",
				);
				PRODUCT_BUNDLE_IDENTIFIER = "com.lambton.FindWay-Abhishek-C0769778";
				PRODUCT_NAME = "$(TARGET_NAME)";
				SWIFT_VERSION = 5.0;
				TARGETED_DEVICE_FAMILY = "1,2";
			};
			name = Debug;
		};
		009811DF2491703100C63284 /* Release */ = {
			isa = XCBuildConfiguration;
			buildSettings = {
				ASSETCATALOG_COMPILER_APPICON_NAME = AppIcon;
				CODE_SIGN_STYLE = Automatic;
				INFOPLIST_FILE = FindWay_Abhishek_C0769778/Info.plist;
				LD_RUNPATH_SEARCH_PATHS = (
					"$(inherited)",
					"@executable_path/Frameworks",
				);
				PRODUCT_BUNDLE_IDENTIFIER = "com.lambton.FindWay-Abhishek-C0769778";
				PRODUCT_NAME = "$(TARGET_NAME)";
				SWIFT_VERSION = 5.0;
				TARGETED_DEVICE_FAMILY = "1,2";
			};
			name = Release;
		};
/* End XCBuildConfiguration section */

/* Begin XCConfigurationList section */
		009811C42491702E00C63284 /* Build configuration list for PBXProject "FindWay_Abhishek_C0769778" */ = {
			isa = XCConfigurationList;
			buildConfigurations = (
				009811DB2491703100C63284 /* Debug */,
				009811DC2491703100C63284 /* Release */,
			);
			defaultConfigurationIsVisible = 0;
			defaultConfigurationName = Release;
		};
		009811DD2491703100C63284 /* Build configuration list for PBXNativeTarget "FindWay_Abhishek_C0769778" */ = {
			isa = XCConfigurationList;
			buildConfigurations = (
				009811DE2491703100C63284 /* Debug */,
				009811DF2491703100C63284 /* Release */,
			);
			defaultConfigurationIsVisible = 0;
			defaultConfigurationName = Release;
		};
/* End XCConfigurationList section */
	};
	rootObject = 009811C12491702E00C63284 /* Project object */;
}
